<?xml version="1.0" encoding="utf-8"?>
<Project ToolsVersion="4.0" xmlns="http://schemas.microsoft.com/developer/msbuild/2003">
  <ItemGroup>
    <Filter Include="Source Files">
      <UniqueIdentifier>{4FC737F1-C7A5-4376-A066-2A32D752A2FF}</UniqueIdentifier>
      <Extensions>cpp;c;cc;cxx;c++;cppm;ixx;def;odl;idl;hpj;bat;asm;asmx</Extensions>
    </Filter>
    <Filter Include="Header Files">
      <UniqueIdentifier>{93995380-89BD-4b04-88EB-625FBE52EBFB}</UniqueIdentifier>
      <Extensions>h;hh;hpp;hxx;h++;hm;inl;inc;ipp;xsd</Extensions>
    </Filter>
    <Filter Include="Resource Files">
      <UniqueIdentifier>{67DA6AB6-F800-4c08-8B7A-83BB121AAD01}</UniqueIdentifier>
      <Extensions>rc;ico;cur;bmp;dlg;rc2;rct;bin;rgs;gif;jpg;jpeg;jpe;resx;tiff;tif;png;wav;mfcribbon-ms</Extensions>
    </Filter>
    <Filter Include="Source Files\BackEnd">
      <UniqueIdentifier>{acfb3d6f-f225-4dbf-a59f-10e6515a565e}</UniqueIdentifier>
    </Filter>
    <Filter Include="Source Files\FrontEnd">
      <UniqueIdentifier>{a64c481a-392a-4db4-9827-8e31de99e38f}</UniqueIdentifier>
    </Filter>
    <Filter Include="Header Files\BackEnd">
      <UniqueIdentifier>{e58e7891-8654-463e-ab5d-31983e73c686}</UniqueIdentifier>
    </Filter>
    <Filter Include="Header Files\FrontEnd">
      <UniqueIdentifier>{572a8835-cf77-4104-a890-d56426f786c4}</UniqueIdentifier>
    </Filter>
  </ItemGroup>
  <ItemGroup>
    <ClCompile Include="aliens.c">
      <Filter>Source Files\BackEnd</Filter>
    </ClCompile>
    <ClCompile Include="barriers.c">
      <Filter>Source Files\BackEnd</Filter>
    </ClCompile>
    <ClCompile Include="bullet.c">
      <Filter>Source Files\BackEnd</Filter>
    </ClCompile>
    <ClCompile Include="menu.c">
      <Filter>Source Files\BackEnd</Filter>
    </ClCompile>
    <ClCompile Include="play.c">
      <Filter>Source Files\BackEnd</Filter>
    </ClCompile>
    <ClCompile Include="randomalien.c">
      <Filter>Source Files\BackEnd</Filter>
    </ClCompile>
    <ClCompile Include="spaceship.c">
      <Filter>Source Files\BackEnd</Filter>
    </ClCompile>
    <ClCompile Include="allegro.c">
      <Filter>Source Files\FrontEnd</Filter>
    </ClCompile>
    <ClCompile Include="graphics.c">
      <Filter>Source Files\FrontEnd</Filter>
    </ClCompile>
    <ClCompile Include="raspi.c">
      <Filter>Source Files\FrontEnd</Filter>
    </ClCompile>
    <ClCompile Include="main.c">
      <Filter>Source Files\BackEnd</Filter>
    </ClCompile>
  </ItemGroup>
  <ItemGroup>
    <ClInclude Include="aliens.h">
      <Filter>Header Files\BackEnd</Filter>
    </ClInclude>
    <ClInclude Include="barriers.h">
      <Filter>Header Files\BackEnd</Filter>
    </ClInclude>
    <ClInclude Include="bullet.h">
      <Filter>Header Files\BackEnd</Filter>
    </ClInclude>
    <ClInclude Include="menu.h">
      <Filter>Header Files\BackEnd</Filter>
    </ClInclude>
    <ClInclude Include="play.h">
      <Filter>Header Files\BackEnd</Filter>
    </ClInclude>
    <ClInclude Include="randomalien.h">
      <Filter>Header Files\BackEnd</Filter>
    </ClInclude>
    <ClInclude Include="spaceship.h">
      <Filter>Header Files\BackEnd</Filter>
    </ClInclude>
    <ClInclude Include="allegro.h">
      <Filter>Header Files\FrontEnd</Filter>
    </ClInclude>
    <ClInclude Include="raspi.h">
      <Filter>Header Files\FrontEnd</Filter>
    </ClInclude>
    <ClInclude Include="graphics.h">
      <Filter>Header Files\FrontEnd</Filter>
    </ClInclude>
  </ItemGroup>
</Project>