<?xml version="1.0" encoding="utf-8"?>
<Project ToolsVersion="4.0" xmlns="http://schemas.microsoft.com/developer/msbuild/2003">
  <ItemGroup>
    <Filter Include="Source Files">
      <UniqueIdentifier>{4FC737F1-C7A5-4376-A066-2A32D752A2FF}</UniqueIdentifier>
      <Extensions>cpp;c;cc;cxx;c++;cppm;ixx;def;odl;idl;hpj;bat;asm;asmx</Extensions>
    </Filter>
    <Filter Include="Header Files">
      <UniqueIdentifier>{93995380-89BD-4b04-88EB-625FBE52EBFB}</UniqueIdentifier>
      <Extensions>h;hh;hpp;hxx;h++;hm;inl;inc;ipp;xsd</Extensions>
    </Filter>
    <Filter Include="Resource Files">
      <UniqueIdentifier>{67DA6AB6-F800-4c08-8B7A-83BB121AAD01}</UniqueIdentifier>
      <Extensions>rc;ico;cur;bmp;dlg;rc2;rct;bin;rgs;gif;jpg;jpeg;jpe;resx;tiff;tif;png;wav;mfcribbon-ms</Extensions>
    </Filter>
    <Filter Include="Source Files\BackEnd">
      <UniqueIdentifier>{acfb3d6f-f225-4dbf-a59f-10e6515a565e}</UniqueIdentifier>
    </Filter>
    <Filter Include="Source Files\FrontEnd">
      <UniqueIdentifier>{a64c481a-392a-4db4-9827-8e31de99e38f}</UniqueIdentifier>
    </Filter>
    <Filter Include="Header Files\BackEnd">
      <UniqueIdentifier>{e58e7891-8654-463e-ab5d-31983e73c686}</UniqueIdentifier>
    </Filter>
    <Filter Include="Header Files\FrontEnd">
      <UniqueIdentifier>{572a8835-cf77-4104-a890-d56426f786c4}</UniqueIdentifier>
    </Filter>
    <Filter Include="Header Files\FrontEnd\Allegro">
      <UniqueIdentifier>{da89bf66-c8b5-49cb-a497-1d281b4d4531}</UniqueIdentifier>
    </Filter>
    <Filter Include="Header Files\FrontEnd\Raspi">
      <UniqueIdentifier>{452cf2b2-44d1-4a5c-bf16-4b06d9c66525}</UniqueIdentifier>
    </Filter>
    <Filter Include="Source Files\FrontEnd\Allegro">
      <UniqueIdentifier>{85171e61-0857-4d71-8706-52e5886dbbbb}</UniqueIdentifier>
    </Filter>
    <Filter Include="Source Files\FrontEnd\Raspi">
      <UniqueIdentifier>{5a48ad93-fa70-4580-8060-fec34c8b9177}</UniqueIdentifier>
    </Filter>
    <Filter Include="Resource Files\Sounds">
      <UniqueIdentifier>{cab752f5-b740-41bd-a73e-8c854d2417a5}</UniqueIdentifier>
    </Filter>
    <Filter Include="Resource Files\Bitmaps">
      <UniqueIdentifier>{d7ae4be2-5099-4c66-80dc-bf00a1635daf}</UniqueIdentifier>
    </Filter>
  </ItemGroup>
  <ItemGroup>
    <ClCompile Include="BackEnd\barriers.c">
      <Filter>Source Files\BackEnd</Filter>
    </ClCompile>
    <ClCompile Include="BackEnd\bullet.c">
      <Filter>Source Files\BackEnd</Filter>
    </ClCompile>
    <ClCompile Include="BackEnd\play.c">
      <Filter>Source Files\BackEnd</Filter>
    </ClCompile>
    <ClCompile Include="BackEnd\position.c">
      <Filter>Source Files\BackEnd</Filter>
    </ClCompile>
    <ClCompile Include="BackEnd\randomalien.c">
      <Filter>Source Files\BackEnd</Filter>
    </ClCompile>
    <ClCompile Include="BackEnd\spaceship.c">
      <Filter>Source Files\BackEnd</Filter>
    </ClCompile>
    <ClCompile Include="FrontEnd\Raspi\caracteres.c">
      <Filter>Source Files\FrontEnd\Raspi</Filter>
    </ClCompile>
    <ClCompile Include="FrontEnd\Raspi\fondos.c">
      <Filter>Source Files\FrontEnd\Raspi</Filter>
    </ClCompile>
    <ClCompile Include="FrontEnd\Raspi\raspi.c">
      <Filter>Source Files\FrontEnd\Raspi</Filter>
    </ClCompile>
    <ClCompile Include="FrontEnd\graphics.c">
      <Filter>Source Files\FrontEnd</Filter>
    </ClCompile>
    <ClCompile Include="BackEnd\aliens.c">
      <Filter>Source Files\BackEnd</Filter>
    </ClCompile>
    <ClCompile Include="BackEnd\menu.c">
      <Filter>Source Files\BackEnd</Filter>
    </ClCompile>
    <ClCompile Include="main.c">
      <Filter>Source Files</Filter>
    </ClCompile>
    <ClCompile Include="BackEnd\spaceInvaders.c">
      <Filter>Source Files\BackEnd</Filter>
    </ClCompile>
    <ClCompile Include="FrontEnd\Raspi\objects.c">
      <Filter>Source Files\FrontEnd\Raspi</Filter>
    </ClCompile>
    <ClCompile Include="FrontEnd\Allegro\allegro.c">
      <Filter>Source Files\FrontEnd\Allegro</Filter>
    </ClCompile>
    <ClCompile Include="BackEnd\highscore.c">
      <Filter>Source Files\BackEnd</Filter>
    </ClCompile>
    <ClCompile Include="BackEnd\pause.c">
      <Filter>Source Files\BackEnd</Filter>
    </ClCompile>
  </ItemGroup>
  <ItemGroup>
    <ClInclude Include="BackEnd\aliens.h">
      <Filter>Header Files\BackEnd</Filter>
    </ClInclude>
    <ClInclude Include="BackEnd\barriers.h">
      <Filter>Header Files\BackEnd</Filter>
    </ClInclude>
    <ClInclude Include="BackEnd\bullet.h">
      <Filter>Header Files\BackEnd</Filter>
    </ClInclude>
    <ClInclude Include="BackEnd\menu.h">
      <Filter>Header Files\BackEnd</Filter>
    </ClInclude>
    <ClInclude Include="BackEnd\play.h">
      <Filter>Header Files\BackEnd</Filter>
    </ClInclude>
    <ClInclude Include="BackEnd\position.h">
      <Filter>Header Files\BackEnd</Filter>
    </ClInclude>
    <ClInclude Include="BackEnd\randomalien.h">
      <Filter>Header Files\BackEnd</Filter>
    </ClInclude>
    <ClInclude Include="BackEnd\spaceInvaders.h">
      <Filter>Header Files\BackEnd</Filter>
    </ClInclude>
    <ClInclude Include="BackEnd\spaceship.h">
      <Filter>Header Files\BackEnd</Filter>
    </ClInclude>
    <ClInclude Include="FrontEnd\graphics.h">
      <Filter>Header Files\FrontEnd</Filter>
    </ClInclude>
    <ClInclude Include="FrontEnd\Raspi\audio_raspi.h">
      <Filter>Header Files\FrontEnd\Raspi</Filter>
    </ClInclude>
    <ClInclude Include="FrontEnd\Raspi\caracteres.h">
      <Filter>Header Files\FrontEnd\Raspi</Filter>
    </ClInclude>
    <ClInclude Include="FrontEnd\Raspi\disdrv.h">
      <Filter>Header Files\FrontEnd\Raspi</Filter>
    </ClInclude>
    <ClInclude Include="FrontEnd\Raspi\fondos.h">
      <Filter>Header Files\FrontEnd\Raspi</Filter>
    </ClInclude>
    <ClInclude Include="FrontEnd\Raspi\joydrv.h">
      <Filter>Header Files\FrontEnd\Raspi</Filter>
    </ClInclude>
    <ClInclude Include="FrontEnd\Raspi\libaudio.h">
      <Filter>Header Files\FrontEnd\Raspi</Filter>
    </ClInclude>
    <ClInclude Include="FrontEnd\Raspi\raspi.h">
      <Filter>Header Files\FrontEnd\Raspi</Filter>
    </ClInclude>
    <ClInclude Include="FrontEnd\Allegro\allegro.h">
      <Filter>Header Files\FrontEnd\Allegro</Filter>
    </ClInclude>
    <ClInclude Include="FrontEnd\Raspi\objects.h">
      <Filter>Header Files\FrontEnd\Raspi</Filter>
    </ClInclude>
    <ClInclude Include="BackEnd\highscore.h">
      <Filter>Header Files\BackEnd</Filter>
    </ClInclude>
    <ClInclude Include="BackEnd\pause.h">
      <Filter>Header Files\BackEnd</Filter>
    </ClInclude>
  </ItemGroup>
  <ItemGroup>
    <Text Include="Resources\scoreboard.txt">
      <Filter>Resource Files</Filter>
    </Text>
  </ItemGroup>
  <ItemGroup>
    <Font Include="Resources\space_invaders.ttf">
      <Filter>Resource Files</Filter>
    </Font>
  </ItemGroup>
  <ItemGroup>
    <Image Include="Resources\Bitmaps\0.bmp">
      <Filter>Resource Files\Bitmaps</Filter>
    </Image>
    <Image Include="Resources\Bitmaps\1.bmp">
      <Filter>Resource Files\Bitmaps</Filter>
    </Image>
    <Image Include="Resources\Bitmaps\2.bmp">
      <Filter>Resource Files\Bitmaps</Filter>
    </Image>
    <Image Include="Resources\Bitmaps\3.bmp">
      <Filter>Resource Files\Bitmaps</Filter>
    </Image>
    <Image Include="Resources\Bitmaps\4.bmp">
      <Filter>Resource Files\Bitmaps</Filter>
    </Image>
    <Image Include="Resources\Bitmaps\5.bmp">
      <Filter>Resource Files\Bitmaps</Filter>
    </Image>
    <Image Include="Resources\Bitmaps\6.bmp">
      <Filter>Resource Files\Bitmaps</Filter>
    </Image>
    <Image Include="Resources\Bitmaps\7.bmp">
      <Filter>Resource Files\Bitmaps</Filter>
    </Image>
    <Image Include="Resources\Bitmaps\8.bmp">
      <Filter>Resource Files\Bitmaps</Filter>
    </Image>
    <Image Include="Resources\Bitmaps\9.bmp">
      <Filter>Resource Files\Bitmaps</Filter>
    </Image>
    <Image Include="Resources\Bitmaps\alien_1.bmp">
      <Filter>Resource Files\Bitmaps</Filter>
    </Image>
    <Image Include="Resources\Bitmaps\alien_2.bmp">
      <Filter>Resource Files\Bitmaps</Filter>
    </Image>
    <Image Include="Resources\Bitmaps\alien_3.bmp">
      <Filter>Resource Files\Bitmaps</Filter>
    </Image>
    <Image Include="Resources\Bitmaps\alien_4.bmp">
      <Filter>Resource Files\Bitmaps</Filter>
    </Image>
    <Image Include="Resources\Bitmaps\alien_5.bmp">
      <Filter>Resource Files\Bitmaps</Filter>
    </Image>
    <Image Include="Resources\Bitmaps\alien_muere.bmp">
      <Filter>Resource Files\Bitmaps</Filter>
    </Image>
    <Image Include="Resources\Bitmaps\bala.bmp">
      <Filter>Resource Files\Bitmaps</Filter>
    </Image>
    <Image Include="Resources\Bitmaps\barrera_died.bmp">
      <Filter>Resource Files\Bitmaps</Filter>
    </Image>
    <Image Include="Resources\Bitmaps\barrera_entera.bmp">
      <Filter>Resource Files\Bitmaps</Filter>
    </Image>
    <Image Include="Resources\Bitmaps\cuarta_barrera.bmp">
      <Filter>Resource Files\Bitmaps</Filter>
    </Image>
    <Image Include="Resources\Bitmaps\fondo_exit.bmp">
      <Filter>Resource Files\Bitmaps</Filter>
    </Image>
    <Image Include="Resources\Bitmaps\fondo_exit_1.bmp">
      <Filter>Resource Files\Bitmaps</Filter>
    </Image>
    <Image Include="Resources\Bitmaps\fondo_high_score.bmp">
      <Filter>Resource Files\Bitmaps</Filter>
    </Image>
    <Image Include="Resources\Bitmaps\fondo_high_score_1.bmp">
      <Filter>Resource Files\Bitmaps</Filter>
    </Image>
    <Image Include="Resources\Bitmaps\fondo_juego.bmp">
      <Filter>Resource Files\Bitmaps</Filter>
    </Image>
    <Image Include="Resources\Bitmaps\fondo_menu.bmp">
      <Filter>Resource Files\Bitmaps</Filter>
    </Image>
    <Image Include="Resources\Bitmaps\fondo_menu_1.bmp">
      <Filter>Resource Files\Bitmaps</Filter>
    </Image>
    <Image Include="Resources\Bitmaps\fondo_play.bmp">
      <Filter>Resource Files\Bitmaps</Filter>
    </Image>
    <Image Include="Resources\Bitmaps\fondo_play_1.bmp">
      <Filter>Resource Files\Bitmaps</Filter>
    </Image>
    <Image Include="Resources\Bitmaps\game_over.bmp">
      <Filter>Resource Files\Bitmaps</Filter>
    </Image>
    <Image Include="Resources\Bitmaps\high_scores.bmp">
      <Filter>Resource Files\Bitmaps</Filter>
    </Image>
    <Image Include="Resources\Bitmaps\menu_pause.bmp">
      <Filter>Resource Files\Bitmaps</Filter>
    </Image>
    <Image Include="Resources\Bitmaps\muerto.bmp">
      <Filter>Resource Files\Bitmaps</Filter>
    </Image>
    <Image Include="Resources\Bitmaps\mystery.bmp">
      <Filter>Resource Files\Bitmaps</Filter>
    </Image>
    <Image Include="Resources\Bitmaps\nave.bmp">
      <Filter>Resource Files\Bitmaps</Filter>
    </Image>
    <Image Include="Resources\Bitmaps\score.bmp">
      <Filter>Resource Files\Bitmaps</Filter>
    </Image>
    <Image Include="Resources\Bitmaps\segunda_barrera.bmp">
      <Filter>Resource Files\Bitmaps</Filter>
    </Image>
    <Image Include="Resources\Bitmaps\tercer_barrera.bmp">
      <Filter>Resource Files\Bitmaps</Filter>
    </Image>
    <Image Include="Resources\Bitmaps\vivo.bmp">
      <Filter>Resource Files\Bitmaps</Filter>
    </Image>
    <Image Include="Resources\Bitmaps\BitmapAlien0.bmp">
      <Filter>Resource Files\Bitmaps</Filter>
    </Image>
    <Image Include="Resources\Bitmaps\BitmapAlien1.bmp">
      <Filter>Resource Files\Bitmaps</Filter>
    </Image>
    <Image Include="Resources\Bitmaps\BitmapAlien2.bmp">
      <Filter>Resource Files\Bitmaps</Filter>
    </Image>
    <Image Include="Resources\Bitmaps\BitmapAlien3.bmp">
      <Filter>Resource Files\Bitmaps</Filter>
    </Image>
    <Image Include="Resources\Bitmaps\BitmapAlien4.bmp">
      <Filter>Resource Files\Bitmaps</Filter>
    </Image>
    <Image Include="Resources\Bitmaps\BitmapAlien5.bmp">
      <Filter>Resource Files\Bitmaps</Filter>
    </Image>
    <Image Include="Resources\Bitmaps\BitmapBarriers0.bmp">
      <Filter>Resource Files\Bitmaps</Filter>
    </Image>
    <Image Include="Resources\Bitmaps\BitmapBarriers1.bmp">
      <Filter>Resource Files\Bitmaps</Filter>
    </Image>
    <Image Include="Resources\Bitmaps\BitmapBarriers2.bmp">
      <Filter>Resource Files\Bitmaps</Filter>
    </Image>
    <Image Include="Resources\Bitmaps\BitmapBarriers3.bmp">
      <Filter>Resource Files\Bitmaps</Filter>
    </Image>
    <Image Include="Resources\Bitmaps\BitmapBarriers4.bmp">
      <Filter>Resource Files\Bitmaps</Filter>
    </Image>
    <Image Include="Resources\Bitmaps\BitmapBullet0.bmp">
      <Filter>Resource Files\Bitmaps</Filter>
    </Image>
    <Image Include="Resources\Bitmaps\BitmapFondosExtra0.bmp">
      <Filter>Resource Files\Bitmaps</Filter>
    </Image>
    <Image Include="Resources\Bitmaps\BitmapFondosExtra1.bmp">
      <Filter>Resource Files\Bitmaps</Filter>
    </Image>
    <Image Include="Resources\Bitmaps\BitmapFondosExtra2.bmp">
      <Filter>Resource Files\Bitmaps</Filter>
    </Image>
    <Image Include="Resources\Bitmaps\BitmapLives0.bmp">
      <Filter>Resource Files\Bitmaps</Filter>
    </Image>
    <Image Include="Resources\Bitmaps\BitmapLives1.bmp">
      <Filter>Resource Files\Bitmaps</Filter>
    </Image>
    <Image Include="Resources\Bitmaps\BitmapMenu0.png">
      <Filter>Resource Files\Bitmaps</Filter>
    </Image>
    <Image Include="Resources\Bitmaps\BitmapMenu1.png">
      <Filter>Resource Files\Bitmaps</Filter>
    </Image>
    <Image Include="Resources\Bitmaps\BitmapMenu2.png">
      <Filter>Resource Files\Bitmaps</Filter>
    </Image>
    <Image Include="Resources\Bitmaps\BitmapMenu3.png">
      <Filter>Resource Files\Bitmaps</Filter>
    </Image>
    <Image Include="Resources\Bitmaps\BitmapMenu4.png">
      <Filter>Resource Files\Bitmaps</Filter>
    </Image>
    <Image Include="Resources\Bitmaps\BitmapMenu5.png">
      <Filter>Resource Files\Bitmaps</Filter>
    </Image>
    <Image Include="Resources\Bitmaps\BitmapRandomAlien0.bmp">
      <Filter>Resource Files\Bitmaps</Filter>
    </Image>
    <Image Include="Resources\Bitmaps\BitmapSpaceship0.bmp">
      <Filter>Resource Files\Bitmaps</Filter>
    </Image>
  </ItemGroup>
  <ItemGroup>
    <Media Include="Resources\Sounds\exit.wav">
      <Filter>Resource Files\Sounds</Filter>
    </Media>
    <Media Include="Resources\Sounds\audio.mp3">
      <Filter>Resource Files\Sounds</Filter>
    </Media>
    <Media Include="Resources\Sounds\high_score.wav">
      <Filter>Resource Files\Sounds</Filter>
    </Media>
    <Media Include="Resources\Sounds\menu.wav">
      <Filter>Resource Files\Sounds</Filter>
    </Media>
    <Media Include="Resources\Sounds\menu_2.wav">
      <Filter>Resource Files\Sounds</Filter>
    </Media>
    <Media Include="Resources\Sounds\play.wav">
      <Filter>Resource Files\Sounds</Filter>
    </Media>
  </ItemGroup>
</Project>